
Microsoft Visual Studio Solution File, Format Version 12.00
# Visual Studio Version 16
VisualStudioVersion = 16.0.30907.101
MinimumVisualStudioVersion = 10.0.40219.1
Project("{8BC9CEB8-8B4A-11D0-8D11-00A0C91BC942}") = "dlltest", "dlltest\dlltest.vcxproj", "{DF577211-DA45-4C5C-A933-8B96CB45E3EC}"
EndProject
Global
	GlobalSection(SolutionConfigurationPlatforms) = preSolution
		Debug|x64 = Debug|x64
		Debug|x86 = Debug|x86
		Release|x64 = Release|x64
		Release|x86 = Release|x86
	EndGlobalSection
	GlobalSection(ProjectConfigurationPlatforms) = postSolution
		{DF577211-DA45-4C5C-A933-8B96CB45E3EC}.Debug|x64.ActiveCfg = Debug|x64
		{DF577211-DA45-4C5C-A933-8B96CB45E3EC}.Debug|x64.Build.0 = Debug|x64
		{DF577211-DA45-4C5C-A933-8B96CB45E3EC}.Debug|x86.ActiveCfg = Debug|Win32
		{DF577211-DA45-4C5C-A933-8B96CB45E3EC}.Debug|x86.Build.0 = Debug|Win32
		{DF577211-DA45-4C5C-A933-8B96CB45E3EC}.Release|x64.ActiveCfg = Release|x64
		{DF577211-DA45-4C5C-A933-8B96CB45E3EC}.Release|x64.Build.0 = Release|x64
		{DF577211-DA45-4C5C-A933-8B96CB45E3EC}.Release|x86.ActiveCfg = Release|Win32
		{DF577211-DA45-4C5C-A933-8B96CB45E3EC}.Release|x86.Build.0 = Release|Win32
	EndGlobalSection
	GlobalSection(SolutionProperties) = preSolution
		HideSolutionNode = FALSE
	EndGlobalSection
	GlobalSection(ExtensibilityGlobals) = postSolution
		SolutionGuid = {649BD7DD-D96A-43B6-B287-BC74CAF80476}
	EndGlobalSection
EndGlobal
